# THIS IS AN AUTOGENERATED FILE. DO NOT EDIT THIS FILE DIRECTLY.
# yarn lockfile v1


"tslint-config-prettier@^1.18.0":
  "integrity" "sha512-xPw9PgNPLG3iKRxmK7DWr+Ea/SzrvfHtjFt5LBl61gk2UBG/DB9kCXRjv+xyIU1rUtnayLeMUVJBcMX8Z17nDg=="
  "resolved" "https://registry.npmjs.org/tslint-config-prettier/-/tslint-config-prettier-1.18.0.tgz"
  "version" "1.18.0"
